
Microsoft Visual Studio Solution File, Format Version 12.00
# Visual Studio Version 17
VisualStudioVersion = 17.2.32616.157
MinimumVisualStudioVersion = 10.0.40219.1
Project("{FAE04EC0-301F-11D3-BF4B-00C04F79EFBC}") = "Nullable", "Nullable\Nullable.csproj", "{ACB3644A-1928-473A-B4C1-63896207C0B6}"
EndProject
Global
	GlobalSection(SolutionConfigurationPlatforms) = preSolution
		Debug|Any CPU = Debug|Any CPU
		Release|Any CPU = Release|Any CPU
	EndGlobalSection
	GlobalSection(ProjectConfigurationPlatforms) = postSolution
		{ACB3644A-1928-473A-B4C1-63896207C0B6}.Debug|Any CPU.ActiveCfg = Debug|Any CPU
		{ACB3644A-1928-473A-B4C1-63896207C0B6}.Debug|Any CPU.Build.0 = Debug|Any CPU
		{ACB3644A-1928-473A-B4C1-63896207C0B6}.Release|Any CPU.ActiveCfg = Release|Any CPU
		{ACB3644A-1928-473A-B4C1-63896207C0B6}.Release|Any CPU.Build.0 = Release|Any CPU
	EndGlobalSection
	GlobalSection(SolutionProperties) = preSolution
		HideSolutionNode = FALSE
	EndGlobalSection
	GlobalSection(ExtensibilityGlobals) = postSolution
		SolutionGuid = {CA6241F3-CF23-401E-9C6B-9A0B00251DFA}
	EndGlobalSection
EndGlobal
